
Microsoft Visual Studio Solution File, Format Version 12.00
# Visual Studio Version 16
VisualStudioVersion = 16.0.31129.286
MinimumVisualStudioVersion = 10.0.40219.1
Project("{FAE04EC0-301F-11D3-BF4B-00C04F79EFBC}") = "ProjectileFix", "ProjectileFix\ProjectileFix.csproj", "{851B04E7-D504-427A-8BF8-2E1E801E62F8}"
EndProject
Global
	GlobalSection(SolutionConfigurationPlatforms) = preSolution
		Debug|Any CPU = Debug|Any CPU
		Release|Any CPU = Release|Any CPU
	EndGlobalSection
	GlobalSection(ProjectConfigurationPlatforms) = postSolution
		{851B04E7-D504-427A-8BF8-2E1E801E62F8}.Debug|Any CPU.ActiveCfg = Debug|Any CPU
		{851B04E7-D504-427A-8BF8-2E1E801E62F8}.Debug|Any CPU.Build.0 = Debug|Any CPU
		{851B04E7-D504-427A-8BF8-2E1E801E62F8}.Release|Any CPU.ActiveCfg = Release|Any CPU
		{851B04E7-D504-427A-8BF8-2E1E801E62F8}.Release|Any CPU.Build.0 = Release|Any CPU
	EndGlobalSection
	GlobalSection(SolutionProperties) = preSolution
		HideSolutionNode = FALSE
	EndGlobalSection
	GlobalSection(ExtensibilityGlobals) = postSolution
		SolutionGuid = {A2F889CF-7C85-4C9E-BA70-10D71B4DE265}
	EndGlobalSection
EndGlobal
